// !$*UTF8*$!
{
	archiveVersion = 1;
	classes = {
	};
	objectVersion = 50;
	objects = {

/* Begin PBXBuildFile section */
		5C1CEFDB219C519000F73CFD /* TouchTransparentView.swift in Sources */ = {isa = PBXBuildFile; fileRef = 5C1CEFDA219C519000F73CFD /* TouchTransparentView.swift */; };
		5C1CEFDD219F0B2400F73CFD /* Default-568h@2x.png in Resources */ = {isa = PBXBuildFile; fileRef = 5C1CEFDC219F0B2400F73CFD /* Default-568h@2x.png */; };
		F8150018219C195500A0CCA5 /* DetailViewController.swift in Sources */ = {isa = PBXBuildFile; fileRef = F8150016219C195500A0CCA5 /* DetailViewController.swift */; };
		F8150019219C195500A0CCA5 /* DetailViewController.xib in Resources */ = {isa = PBXBuildFile; fileRef = F8150017219C195500A0CCA5 /* DetailViewController.xib */; };
		F8150020219C1A2900A0CCA5 /* PageInnerTableViewController.swift in Sources */ = {isa = PBXBuildFile; fileRef = F815001E219C1A2900A0CCA5 /* PageInnerTableViewController.swift */; };
		F8150021219C1A2900A0CCA5 /* PageInnerTableViewController.xib in Resources */ = {isa = PBXBuildFile; fileRef = F815001F219C1A2900A0CCA5 /* PageInnerTableViewController.xib */; };
		F8150023219C1E5600A0CCA5 /* HeaderView.xib in Resources */ = {isa = PBXBuildFile; fileRef = F8150022219C1E5600A0CCA5 /* HeaderView.xib */; };
		F8150025219C1EE000A0CCA5 /* HeaderView.swift in Sources */ = {isa = PBXBuildFile; fileRef = F8150024219C1EE000A0CCA5 /* HeaderView.swift */; };
		F815002B219D039000A0CCA5 /* TouchTransparentStackView.swift in Sources */ = {isa = PBXBuildFile; fileRef = F815002A219D039000A0CCA5 /* TouchTransparentStackView.swift */; };
		F815002D219D0B5000A0CCA5 /* TouchTransparentImageView.swift in Sources */ = {isa = PBXBuildFile; fileRef = F815002C219D0B5000A0CCA5 /* TouchTransparentImageView.swift */; };
		F8B1B00D219BFBDE0046992E /* AppDelegate.swift in Sources */ = {isa = PBXBuildFile; fileRef = F8B1B00C219BFBDE0046992E /* AppDelegate.swift */; };
		F8B1B00F219BFBDE0046992E /* ViewController.swift in Sources */ = {isa = PBXBuildFile; fileRef = F8B1B00E219BFBDE0046992E /* ViewController.swift */; };
		F8B1B012219BFBDE0046992E /* Main.storyboard in Resources */ = {isa = PBXBuildFile; fileRef = F8B1B010219BFBDE0046992E /* Main.storyboard */; };
		F8B1B014219BFBE10046992E /* Assets.xcassets in Resources */ = {isa = PBXBuildFile; fileRef = F8B1B013219BFBE10046992E /* Assets.xcassets */; };
		F8B1B017219BFBE10046992E /* LaunchScreen.storyboard in Resources */ = {isa = PBXBuildFile; fileRef = F8B1B015219BFBE10046992E /* LaunchScreen.storyboard */; };
		F8B1B022219BFBE10046992E /* TwitterProfileSampleTests.swift in Sources */ = {isa = PBXBuildFile; fileRef = F8B1B021219BFBE10046992E /* TwitterProfileSampleTests.swift */; };
		F8B1B02D219BFBE20046992E /* TwitterProfileSampleUITests.swift in Sources */ = {isa = PBXBuildFile; fileRef = F8B1B02C219BFBE20046992E /* TwitterProfileSampleUITests.swift */; };
/* End PBXBuildFile section */

/* Begin PBXContainerItemProxy section */
		F8B1B01E219BFBE10046992E /* PBXContainerItemProxy */ = {
			isa = PBXContainerItemProxy;
			containerPortal = F8B1B001219BFBDE0046992E /* Project object */;
			proxyType = 1;
			remoteGlobalIDString = F8B1B008219BFBDE0046992E;
			remoteInfo = ScrollViewAutoLayoutSample;
		};
		F8B1B029219BFBE20046992E /* PBXContainerItemProxy */ = {
			isa = PBXContainerItemProxy;
			containerPortal = F8B1B001219BFBDE0046992E /* Project object */;
			proxyType = 1;
			remoteGlobalIDString = F8B1B008219BFBDE0046992E;
			remoteInfo = ScrollViewAutoLayoutSample;
		};
/* End PBXContainerItemProxy section */

/* Begin PBXFileReference section */
		5C1CEFDA219C519000F73CFD /* TouchTransparentView.swift */ = {isa = PBXFileReference; lastKnownFileType = sourcecode.swift; path = TouchTransparentView.swift; sourceTree = "<group>"; };
		5C1CEFDC219F0B2400F73CFD /* Default-568h@2x.png */ = {isa = PBXFileReference; lastKnownFileType = image.png; path = "Default-568h@2x.png"; sourceTree = "<group>"; };
		F8150016219C195500A0CCA5 /* DetailViewController.swift */ = {isa = PBXFileReference; lastKnownFileType = sourcecode.swift; path = DetailViewController.swift; sourceTree = "<group>"; };
		F8150017219C195500A0CCA5 /* DetailViewController.xib */ = {isa = PBXFileReference; lastKnownFileType = file.xib; path = DetailViewController.xib; sourceTree = "<group>"; };
		F815001E219C1A2900A0CCA5 /* PageInnerTableViewController.swift */ = {isa = PBXFileReference; lastKnownFileType = sourcecode.swift; path = PageInnerTableViewController.swift; sourceTree = "<group>"; };
		F815001F219C1A2900A0CCA5 /* PageInnerTableViewController.xib */ = {isa = PBXFileReference; lastKnownFileType = file.xib; path = PageInnerTableViewController.xib; sourceTree = "<group>"; };
		F8150022219C1E5600A0CCA5 /* HeaderView.xib */ = {isa = PBXFileReference; lastKnownFileType = file.xib; path = HeaderView.xib; sourceTree = "<group>"; };
		F8150024219C1EE000A0CCA5 /* HeaderView.swift */ = {isa = PBXFileReference; lastKnownFileType = sourcecode.swift; path = HeaderView.swift; sourceTree = "<group>"; };
		F815002A219D039000A0CCA5 /* TouchTransparentStackView.swift */ = {isa = PBXFileReference; lastKnownFileType = sourcecode.swift; path = TouchTransparentStackView.swift; sourceTree = "<group>"; };
		F815002C219D0B5000A0CCA5 /* TouchTransparentImageView.swift */ = {isa = PBXFileReference; lastKnownFileType = sourcecode.swift; path = TouchTransparentImageView.swift; sourceTree = "<group>"; };
		F8B1B009219BFBDE0046992E /* ScrollViewAutoLayoutSample.app */ = {isa = PBXFileReference; explicitFileType = wrapper.application; includeInIndex = 0; path = ScrollViewAutoLayoutSample.app; sourceTree = BUILT_PRODUCTS_DIR; };
		F8B1B00C219BFBDE0046992E /* AppDelegate.swift */ = {isa = PBXFileReference; lastKnownFileType = sourcecode.swift; path = AppDelegate.swift; sourceTree = "<group>"; };
		F8B1B00E219BFBDE0046992E /* ViewController.swift */ = {isa = PBXFileReference; lastKnownFileType = sourcecode.swift; path = ViewController.swift; sourceTree = "<group>"; };
		F8B1B011219BFBDE0046992E /* Base */ = {isa = PBXFileReference; lastKnownFileType = file.storyboard; name = Base; path = Base.lproj/Main.storyboard; sourceTree = "<group>"; };
		F8B1B013219BFBE10046992E /* Assets.xcassets */ = {isa = PBXFileReference; lastKnownFileType = folder.assetcatalog; path = Assets.xcassets; sourceTree = "<group>"; };
		F8B1B016219BFBE10046992E /* Base */ = {isa = PBXFileReference; lastKnownFileType = file.storyboard; name = Base; path = Base.lproj/LaunchScreen.storyboard; sourceTree = "<group>"; };
		F8B1B018219BFBE10046992E /* Info.plist */ = {isa = PBXFileReference; lastKnownFileType = text.plist.xml; path = Info.plist; sourceTree = "<group>"; };
		F8B1B01D219BFBE10046992E /* TwitterProfileSampleTests.xctest */ = {isa = PBXFileReference; explicitFileType = wrapper.cfbundle; includeInIndex = 0; path = TwitterProfileSampleTests.xctest; sourceTree = BUILT_PRODUCTS_DIR; };
		F8B1B021219BFBE10046992E /* TwitterProfileSampleTests.swift */ = {isa = PBXFileReference; lastKnownFileType = sourcecode.swift; path = TwitterProfileSampleTests.swift; sourceTree = "<group>"; };
		F8B1B023219BFBE20046992E /* Info.plist */ = {isa = PBXFileReference; lastKnownFileType = text.plist.xml; path = Info.plist; sourceTree = "<group>"; };
		F8B1B028219BFBE20046992E /* TwitterProfileSampleUITests.xctest */ = {isa = PBXFileReference; explicitFileType = wrapper.cfbundle; includeInIndex = 0; path = TwitterProfileSampleUITests.xctest; sourceTree = BUILT_PRODUCTS_DIR; };
		F8B1B02C219BFBE20046992E /* TwitterProfileSampleUITests.swift */ = {isa = PBXFileReference; lastKnownFileType = sourcecode.swift; path = TwitterProfileSampleUITests.swift; sourceTree = "<group>"; };
		F8B1B02E219BFBE20046992E /* Info.plist */ = {isa = PBXFileReference; lastKnownFileType = text.plist.xml; path = Info.plist; sourceTree = "<group>"; };
/* End PBXFileReference section */

/* Begin PBXFrameworksBuildPhase section */
		F8B1B006219BFBDE0046992E /* Frameworks */ = {
			isa = PBXFrameworksBuildPhase;
			buildActionMask = 2147483647;
			files = (
			);
			runOnlyForDeploymentPostprocessing = 0;
		};
		F8B1B01A219BFBE10046992E /* Frameworks */ = {
			isa = PBXFrameworksBuildPhase;
			buildActionMask = 2147483647;
			files = (
			);
			runOnlyForDeploymentPostprocessing = 0;
		};
		F8B1B025219BFBE20046992E /* Frameworks */ = {
			isa = PBXFrameworksBuildPhase;
			buildActionMask = 2147483647;
			files = (
			);
			runOnlyForDeploymentPostprocessing = 0;
		};
/* End PBXFrameworksBuildPhase section */

/* Begin PBXGroup section */
		F8B1B000219BFBDE0046992E = {
			isa = PBXGroup;
			children = (
				5C1CEFDC219F0B2400F73CFD /* Default-568h@2x.png */,
				F8B1B00B219BFBDE0046992E /* TwitterProfileSample */,
				F8B1B020219BFBE10046992E /* TwitterProfileSampleTest */,
				F8B1B02B219BFBE20046992E /* TwitterProfileSampleUITests */,
				F8B1B00A219BFBDE0046992E /* Products */,
			);
			sourceTree = "<group>";
		};
		F8B1B00A219BFBDE0046992E /* Products */ = {
			isa = PBXGroup;
			children = (
				F8B1B009219BFBDE0046992E /* TwitterProfileSample.app */,
				F8B1B01D219BFBE10046992E /* TwitterProfileSampleTests.xctest */,
				F8B1B028219BFBE20046992E /* TwitterProfileSampleUITests.xctest */,
			);
			name = Products;
			sourceTree = "<group>";
		};
		F8B1B00B219BFBDE0046992E /* TwitterProfileSample */ = {
			isa = PBXGroup;
			children = (
				F8B1B00C219BFBDE0046992E /* AppDelegate.swift */,
				F8B1B00E219BFBDE0046992E /* ViewController.swift */,
				F8150022219C1E5600A0CCA5 /* HeaderView.xib */,
				F8150024219C1EE000A0CCA5 /* HeaderView.swift */,
				5C1CEFDA219C519000F73CFD /* TouchTransparentView.swift */,
				F815002A219D039000A0CCA5 /* TouchTransparentStackView.swift */,
				F815002C219D0B5000A0CCA5 /* TouchTransparentImageView.swift */,
				F8150016219C195500A0CCA5 /* DetailViewController.swift */,
				F8150017219C195500A0CCA5 /* DetailViewController.xib */,
				F815001E219C1A2900A0CCA5 /* PageInnerTableViewController.swift */,
				F815001F219C1A2900A0CCA5 /* PageInnerTableViewController.xib */,
				F8B1B010219BFBDE0046992E /* Main.storyboard */,
				F8B1B013219BFBE10046992E /* Assets.xcassets */,
				F8B1B015219BFBE10046992E /* LaunchScreen.storyboard */,
				F8B1B018219BFBE10046992E /* Info.plist */,
			);
			path = TwitterProfileSample;
			sourceTree = "<group>";
		};
		F8B1B020219BFBE10046992E /* TwitterProfileSampleTest */ = {
			isa = PBXGroup;
			children = (
				F8B1B021219BFBE10046992E /* TwitterProfileSampleTests.swift */,
				F8B1B023219BFBE20046992E /* Info.plist */,
			);
			name = TwitterProfileSampleTest;
			path = ScrollViewAutoLayoutSampleTests;
			sourceTree = "<group>";
		};
		F8B1B02B219BFBE20046992E /* TwitterProfileSampleUITests */ = {
			isa = PBXGroup;
			children = (
				F8B1B02C219BFBE20046992E /* TwitterProfileSampleUITests.swift */,
				F8B1B02E219BFBE20046992E /* Info.plist */,
			);
			path = TwitterProfileSampleUITests;
			sourceTree = "<group>";
		};
/* End PBXGroup section */

/* Begin PBXNativeTarget section */
		F8B1B008219BFBDE0046992E /* TwitterProfileSample */ = {
			isa = PBXNativeTarget;
			buildConfigurationList = F8B1B031219BFBE20046992E /* Build configuration list for PBXNativeTarget "TwitterProfileSample" */;
			buildPhases = (
				F8B1B005219BFBDE0046992E /* Sources */,
				F8B1B006219BFBDE0046992E /* Frameworks */,
				F8B1B007219BFBDE0046992E /* Resources */,
			);
			buildRules = (
			);
			dependencies = (
			);
			name = TwitterProfileSample;
			productName = ScrollViewAutoLayoutSample;
			productReference = F8B1B009219BFBDE0046992E /* TwitterProfileSample.app */;
			productType = "com.apple.product-type.application";
		};
		F8B1B01C219BFBE10046992E /* TwitterProfileSampleTests */ = {
			isa = PBXNativeTarget;
			buildConfigurationList = F8B1B034219BFBE20046992E /* Build configuration list for PBXNativeTarget "TwitterProfileSampleTests" */;
			buildPhases = (
				F8B1B019219BFBE10046992E /* Sources */,
				F8B1B01A219BFBE10046992E /* Frameworks */,
				F8B1B01B219BFBE10046992E /* Resources */,
			);
			buildRules = (
			);
			dependencies = (
				F8B1B01F219BFBE10046992E /* PBXTargetDependency */,
			);
			name = TwitterProfileSampleTests;
			productName = ScrollViewAutoLayoutSampleTests;
			productReference = F8B1B01D219BFBE10046992E /* TwitterProfileSampleTests.xctest */;
			productType = "com.apple.product-type.bundle.unit-test";
		};
		F8B1B027219BFBE20046992E /* TwitterProfileSampleUITests */ = {
			isa = PBXNativeTarget;
			buildConfigurationList = F8B1B037219BFBE20046992E /* Build configuration list for PBXNativeTarget "TwitterProfileSampleUITests" */;
			buildPhases = (
				F8B1B024219BFBE20046992E /* Sources */,
				F8B1B025219BFBE20046992E /* Frameworks */,
				F8B1B026219BFBE20046992E /* Resources */,
			);
			buildRules = (
			);
			dependencies = (
				F8B1B02A219BFBE20046992E /* PBXTargetDependency */,
			);
			name = TwitterProfileSampleUITests;
			productName = ScrollViewAutoLayoutSampleUITests;
			productReference = F8B1B028219BFBE20046992E /* TwitterProfileSampleUITests.xctest */;
			productType = "com.apple.product-type.bundle.ui-testing";
		};
/* End PBXNativeTarget section */

/* Begin PBXProject section */
		F8B1B001219BFBDE0046992E /* Project object */ = {
			isa = PBXProject;
			attributes = {
				LastSwiftUpdateCheck = 1010;
				LastUpgradeCheck = 1010;
				ORGANIZATIONNAME = NaotoIto;
				TargetAttributes = {
					F8B1B008219BFBDE0046992E = {
						CreatedOnToolsVersion = 10.1;
					};
					F8B1B01C219BFBE10046992E = {
						CreatedOnToolsVersion = 10.1;
						TestTargetID = F8B1B008219BFBDE0046992E;
					};
					F8B1B027219BFBE20046992E = {
						CreatedOnToolsVersion = 10.1;
						TestTargetID = F8B1B008219BFBDE0046992E;
					};
				};
			};
			buildConfigurationList = F8B1B004219BFBDE0046992E /* Build configuration list for PBXProject "TwitterProfileSample" */;
			compatibilityVersion = "Xcode 9.3";
			developmentRegion = en;
			hasScannedForEncodings = 0;
			knownRegions = (
				en,
				Base,
			);
			mainGroup = F8B1B000219BFBDE0046992E;
			productRefGroup = F8B1B00A219BFBDE0046992E /* Products */;
			projectDirPath = "";
			projectRoot = "";
			targets = (
				F8B1B008219BFBDE0046992E /* TwitterProfileSample */,
				F8B1B01C219BFBE10046992E /* TwitterProfileSampleTests */,
				F8B1B027219BFBE20046992E /* TwitterProfileSampleUITests */,
			);
		};
/* End PBXProject section */

/* Begin PBXResourcesBuildPhase section */
		F8B1B007219BFBDE0046992E /* Resources */ = {
			isa = PBXResourcesBuildPhase;
			buildActionMask = 2147483647;
			files = (
				F8B1B017219BFBE10046992E /* LaunchScreen.storyboard in Resources */,
				F8B1B014219BFBE10046992E /* Assets.xcassets in Resources */,
				F8B1B012219BFBDE0046992E /* Main.storyboard in Resources */,
				F8150023219C1E5600A0CCA5 /* HeaderView.xib in Resources */,
				F8150021219C1A2900A0CCA5 /* PageInnerTableViewController.xib in Resources */,
				5C1CEFDD219F0B2400F73CFD /* Default-568h@2x.png in Resources */,
				F8150019219C195500A0CCA5 /* DetailViewController.xib in Resources */,
			);
			runOnlyForDeploymentPostprocessing = 0;
		};
		F8B1B01B219BFBE10046992E /* Resources */ = {
			isa = PBXResourcesBuildPhase;
			buildActionMask = 2147483647;
			files = (
			);
			runOnlyForDeploymentPostprocessing = 0;
		};
		F8B1B026219BFBE20046992E /* Resources */ = {
			isa = PBXResourcesBuildPhase;
			buildActionMask = 2147483647;
			files = (
			);
			runOnlyForDeploymentPostprocessing = 0;
		};
/* End PBXResourcesBuildPhase section */

/* Begin PBXSourcesBuildPhase section */
		F8B1B005219BFBDE0046992E /* Sources */ = {
			isa = PBXSourcesBuildPhase;
			buildActionMask = 2147483647;
			files = (
				F8150025219C1EE000A0CCA5 /* HeaderView.swift in Sources */,
				F8150018219C195500A0CCA5 /* DetailViewController.swift in Sources */,
				F815002B219D039000A0CCA5 /* TouchTransparentStackView.swift in Sources */,
				F8150020219C1A2900A0CCA5 /* PageInnerTableViewController.swift in Sources */,
				F8B1B00F219BFBDE0046992E /* ViewController.swift in Sources */,
				F815002D219D0B5000A0CCA5 /* TouchTransparentImageView.swift in Sources */,
				5C1CEFDB219C519000F73CFD /* TouchTransparentView.swift in Sources */,
				F8B1B00D219BFBDE0046992E /* AppDelegate.swift in Sources */,
			);
			runOnlyForDeploymentPostprocessing = 0;
		};
		F8B1B019219BFBE10046992E /* Sources */ = {
			isa = PBXSourcesBuildPhase;
			buildActionMask = 2147483647;
			files = (
				F8B1B022219BFBE10046992E /* TwitterProfileSampleTests.swift in Sources */,
			);
			runOnlyForDeploymentPostprocessing = 0;
		};
		F8B1B024219BFBE20046992E /* Sources */ = {
			isa = PBXSourcesBuildPhase;
			buildActionMask = 2147483647;
			files = (
				F8B1B02D219BFBE20046992E /* TwitterProfileSampleUITests.swift in Sources */,
			);
			runOnlyForDeploymentPostprocessing = 0;
		};
/* End PBXSourcesBuildPhase section */

/* Begin PBXTargetDependency section */
		F8B1B01F219BFBE10046992E /* PBXTargetDependency */ = {
			isa = PBXTargetDependency;
			target = F8B1B008219BFBDE0046992E /* TwitterProfileSample */;
			targetProxy = F8B1B01E219BFBE10046992E /* PBXContainerItemProxy */;
		};
		F8B1B02A219BFBE20046992E /* PBXTargetDependency */ = {
			isa = PBXTargetDependency;
			target = F8B1B008219BFBDE0046992E /* TwitterProfileSample */;
			targetProxy = F8B1B029219BFBE20046992E /* PBXContainerItemProxy */;
		};
/* End PBXTargetDependency section */

/* Begin PBXVariantGroup section */
		F8B1B010219BFBDE0046992E /* Main.storyboard */ = {
			isa = PBXVariantGroup;
			children = (
				F8B1B011219BFBDE0046992E /* Base */,
			);
			name = Main.storyboard;
			sourceTree = "<group>";
		};
		F8B1B015219BFBE10046992E /* LaunchScreen.storyboard */ = {
			isa = PBXVariantGroup;
			children = (
				F8B1B016219BFBE10046992E /* Base */,
			);
			name = LaunchScreen.storyboard;
			sourceTree = "<group>";
		};
/* End PBXVariantGroup section */

/* Begin XCBuildConfiguration section */
		F8B1B02F219BFBE20046992E /* Debug */ = {
			isa = XCBuildConfiguration;
			buildSettings = {
				ALWAYS_SEARCH_USER_PATHS = NO;
				CLANG_ANALYZER_NONNULL = YES;
				CLANG_ANALYZER_NUMBER_OBJECT_CONVERSION = YES_AGGRESSIVE;
				CLANG_CXX_LANGUAGE_STANDARD = "gnu++14";
				CLANG_CXX_LIBRARY = "libc++";
				CLANG_ENABLE_MODULES = YES;
				CLANG_ENABLE_OBJC_ARC = YES;
				CLANG_ENABLE_OBJC_WEAK = YES;
				CLANG_WARN_BLOCK_CAPTURE_AUTORELEASING = YES;
				CLANG_WARN_BOOL_CONVERSION = YES;
				CLANG_WARN_COMMA = YES;
				CLANG_WARN_CONSTANT_CONVERSION = YES;
				CLANG_WARN_DEPRECATED_OBJC_IMPLEMENTATIONS = YES;
				CLANG_WARN_DIRECT_OBJC_ISA_USAGE = YES_ERROR;
				CLANG_WARN_DOCUMENTATION_COMMENTS = YES;
				CLANG_WARN_EMPTY_BODY = YES;
				CLANG_WARN_ENUM_CONVERSION = YES;
				CLANG_WARN_INFINITE_RECURSION = YES;
				CLANG_WARN_INT_CONVERSION = YES;
				CLANG_WARN_NON_LITERAL_NULL_CONVERSION = YES;
				CLANG_WARN_OBJC_IMPLICIT_RETAIN_SELF = YES;
				CLANG_WARN_OBJC_LITERAL_CONVERSION = YES;
				CLANG_WARN_OBJC_ROOT_CLASS = YES_ERROR;
				CLANG_WARN_RANGE_LOOP_ANALYSIS = YES;
				CLANG_WARN_STRICT_PROTOTYPES = YES;
				CLANG_WARN_SUSPICIOUS_MOVE = YES;
				CLANG_WARN_UNGUARDED_AVAILABILITY = YES_AGGRESSIVE;
				CLANG_WARN_UNREACHABLE_CODE = YES;
				CLANG_WARN__DUPLICATE_METHOD_MATCH = YES;
				CODE_SIGN_IDENTITY = "iPhone Developer";
				COPY_PHASE_STRIP = NO;
				DEBUG_INFORMATION_FORMAT = dwarf;
				ENABLE_STRICT_OBJC_MSGSEND = YES;
				ENABLE_TESTABILITY = YES;
				GCC_C_LANGUAGE_STANDARD = gnu11;
				GCC_DYNAMIC_NO_PIC = NO;
				GCC_NO_COMMON_BLOCKS = YES;
				GCC_OPTIMIZATION_LEVEL = 0;
				GCC_PREPROCESSOR_DEFINITIONS = (
					"DEBUG=1",
					"$(inherited)",
				);
				GCC_WARN_64_TO_32_BIT_CONVERSION = YES;
				GCC_WARN_ABOUT_RETURN_TYPE = YES_ERROR;
				GCC_WARN_UNDECLARED_SELECTOR = YES;
				GCC_WARN_UNINITIALIZED_AUTOS = YES_AGGRESSIVE;
				GCC_WARN_UNUSED_FUNCTION = YES;
				GCC_WARN_UNUSED_VARIABLE = YES;
				IPHONEOS_DEPLOYMENT_TARGET = 12.1;
				MTL_ENABLE_DEBUG_INFO = INCLUDE_SOURCE;
				MTL_FAST_MATH = YES;
				ONLY_ACTIVE_ARCH = YES;
				SDKROOT = iphoneos;
				SWIFT_ACTIVE_COMPILATION_CONDITIONS = DEBUG;
				SWIFT_OPTIMIZATION_LEVEL = "-Onone";
			};
			name = Debug;
		};
		F8B1B030219BFBE20046992E /* Release */ = {
			isa = XCBuildConfiguration;
			buildSettings = {
				ALWAYS_SEARCH_USER_PATHS = NO;
				CLANG_ANALYZER_NONNULL = YES;
				CLANG_ANALYZER_NUMBER_OBJECT_CONVERSION = YES_AGGRESSIVE;
				CLANG_CXX_LANGUAGE_STANDARD = "gnu++14";
				CLANG_CXX_LIBRARY = "libc++";
				CLANG_ENABLE_MODULES = YES;
				CLANG_ENABLE_OBJC_ARC = YES;
				CLANG_ENABLE_OBJC_WEAK = YES;
				CLANG_WARN_BLOCK_CAPTURE_AUTORELEASING = YES;
				CLANG_WARN_BOOL_CONVERSION = YES;
				CLANG_WARN_COMMA = YES;
				CLANG_WARN_CONSTANT_CONVERSION = YES;
				CLANG_WARN_DEPRECATED_OBJC_IMPLEMENTATIONS = YES;
				CLANG_WARN_DIRECT_OBJC_ISA_USAGE = YES_ERROR;
				CLANG_WARN_DOCUMENTATION_COMMENTS = YES;
				CLANG_WARN_EMPTY_BODY = YES;
				CLANG_WARN_ENUM_CONVERSION = YES;
				CLANG_WARN_INFINITE_RECURSION = YES;
				CLANG_WARN_INT_CONVERSION = YES;
				CLANG_WARN_NON_LITERAL_NULL_CONVERSION = YES;
				CLANG_WARN_OBJC_IMPLICIT_RETAIN_SELF = YES;
				CLANG_WARN_OBJC_LITERAL_CONVERSION = YES;
				CLANG_WARN_OBJC_ROOT_CLASS = YES_ERROR;
				CLANG_WARN_RANGE_LOOP_ANALYSIS = YES;
				CLANG_WARN_STRICT_PROTOTYPES = YES;
				CLANG_WARN_SUSPICIOUS_MOVE = YES;
				CLANG_WARN_UNGUARDED_AVAILABILITY = YES_AGGRESSIVE;
				CLANG_WARN_UNREACHABLE_CODE = YES;
				CLANG_WARN__DUPLICATE_METHOD_MATCH = YES;
				CODE_SIGN_IDENTITY = "iPhone Developer";
				COPY_PHASE_STRIP = NO;
				DEBUG_INFORMATION_FORMAT = "dwarf-with-dsym";
				ENABLE_NS_ASSERTIONS = NO;
				ENABLE_STRICT_OBJC_MSGSEND = YES;
				GCC_C_LANGUAGE_STANDARD = gnu11;
				GCC_NO_COMMON_BLOCKS = YES;
				GCC_WARN_64_TO_32_BIT_CONVERSION = YES;
				GCC_WARN_ABOUT_RETURN_TYPE = YES_ERROR;
				GCC_WARN_UNDECLARED_SELECTOR = YES;
				GCC_WARN_UNINITIALIZED_AUTOS = YES_AGGRESSIVE;
				GCC_WARN_UNUSED_FUNCTION = YES;
				GCC_WARN_UNUSED_VARIABLE = YES;
				IPHONEOS_DEPLOYMENT_TARGET = 12.1;
				MTL_ENABLE_DEBUG_INFO = NO;
				MTL_FAST_MATH = YES;
				SDKROOT = iphoneos;
				SWIFT_COMPILATION_MODE = wholemodule;
				SWIFT_OPTIMIZATION_LEVEL = "-O";
				VALIDATE_PRODUCT = YES;
			};
			name = Release;
		};
		F8B1B032219BFBE20046992E /* Debug */ = {
			isa = XCBuildConfiguration;
			buildSettings = {
				ASSETCATALOG_COMPILER_APPICON_NAME = AppIcon;
				CODE_SIGN_STYLE = Automatic;
				INFOPLIST_FILE = TwitterProfileSample/Info.plist;
				LD_RUNPATH_SEARCH_PATHS = (
					"$(inherited)",
					"@executable_path/Frameworks",
				);
				PRODUCT_BUNDLE_IDENTIFIER = sample.twitterProfile;
				PRODUCT_NAME = "$(TARGET_NAME)";
				SWIFT_VERSION = 4.2;
				TARGETED_DEVICE_FAMILY = "1,2";
			};
			name = Debug;
		};
		F8B1B033219BFBE20046992E /* Release */ = {
			isa = XCBuildConfiguration;
			buildSettings = {
				ASSETCATALOG_COMPILER_APPICON_NAME = AppIcon;
				CODE_SIGN_STYLE = Automatic;
				INFOPLIST_FILE = TwitterProfileSample/Info.plist;
				LD_RUNPATH_SEARCH_PATHS = (
					"$(inherited)",
					"@executable_path/Frameworks",
				);
				PRODUCT_BUNDLE_IDENTIFIER = sample.twitterProfile;
				PRODUCT_NAME = "$(TARGET_NAME)";
				SWIFT_VERSION = 4.2;
				TARGETED_DEVICE_FAMILY = "1,2";
			};
			name = Release;
		};
		F8B1B035219BFBE20046992E /* Debug */ = {
			isa = XCBuildConfiguration;
			buildSettings = {
				ALWAYS_EMBED_SWIFT_STANDARD_LIBRARIES = YES;
				BUNDLE_LOADER = "$(TEST_HOST)";
				CODE_SIGN_STYLE = Automatic;
				INFOPLIST_FILE = TwitterProfileSample/Info.plist;
				LD_RUNPATH_SEARCH_PATHS = (
					"$(inherited)",
					"@executable_path/Frameworks",
					"@loader_path/Frameworks",
				);
				PRODUCT_BUNDLE_IDENTIFIER = test.TwitterProfileSampleTests;
				PRODUCT_NAME = "$(TARGET_NAME)";
				SWIFT_VERSION = 4.2;
				TARGETED_DEVICE_FAMILY = "1,2";
				TEST_HOST = "$(BUILT_PRODUCTS_DIR)/TwitterProfileSample.app/TwitterProfileSample";
			};
			name = Debug;
		};
		F8B1B036219BFBE20046992E /* Release */ = {
			isa = XCBuildConfiguration;
			buildSettings = {
				ALWAYS_EMBED_SWIFT_STANDARD_LIBRARIES = YES;
				BUNDLE_LOADER = "$(TEST_HOST)";
				CODE_SIGN_STYLE = Automatic;
				INFOPLIST_FILE = TwitterProfileSample/Info.plist;
				LD_RUNPATH_SEARCH_PATHS = (
					"$(inherited)",
					"@executable_path/Frameworks",
					"@loader_path/Frameworks",
				);
				PRODUCT_BUNDLE_IDENTIFIER = test.TwitterProfileSampleTests;
				PRODUCT_NAME = "$(TARGET_NAME)";
				SWIFT_VERSION = 4.2;
				TARGETED_DEVICE_FAMILY = "1,2";
				TEST_HOST = "$(BUILT_PRODUCTS_DIR)/TwitterProfileSample.app/TwitterProfileSample";
			};
			name = Release;
		};
		F8B1B038219BFBE20046992E /* Debug */ = {
			isa = XCBuildConfiguration;
			buildSettings = {
				ALWAYS_EMBED_SWIFT_STANDARD_LIBRARIES = YES;
				CODE_SIGN_STYLE = Automatic;
				INFOPLIST_FILE = TwitterProfileSampleUITests/Info.plist;
				LD_RUNPATH_SEARCH_PATHS = (
					"$(inherited)",
					"@executable_path/Frameworks",
					"@loader_path/Frameworks",
				);
				PRODUCT_BUNDLE_IDENTIFIER = test.TwitterProfileSampleUITests;
				PRODUCT_NAME = "$(TARGET_NAME)";
				SWIFT_VERSION = 4.2;
				TARGETED_DEVICE_FAMILY = "1,2";
				TEST_TARGET_NAME = ScrollViewAutoLayoutSample;
			};
			name = Debug;
		};
		F8B1B039219BFBE20046992E /* Release */ = {
			isa = XCBuildConfiguration;
			buildSettings = {
				ALWAYS_EMBED_SWIFT_STANDARD_LIBRARIES = YES;
				CODE_SIGN_STYLE = Automatic;
				INFOPLIST_FILE = TwitterProfileSampleUITests/Info.plist;
				LD_RUNPATH_SEARCH_PATHS = (
					"$(inherited)",
					"@executable_path/Frameworks",
					"@loader_path/Frameworks",
				);
				PRODUCT_BUNDLE_IDENTIFIER = test.TwitterProfileSampleUITests;
				PRODUCT_NAME = "$(TARGET_NAME)";
				SWIFT_VERSION = 4.2;
				TARGETED_DEVICE_FAMILY = "1,2";
				TEST_TARGET_NAME = ScrollViewAutoLayoutSample;
			};
			name = Release;
		};
/* End XCBuildConfiguration section */

/* Begin XCConfigurationList section */
		F8B1B004219BFBDE0046992E /* Build configuration list for PBXProject "TwitterProfileSample" */ = {
			isa = XCConfigurationList;
			buildConfigurations = (
				F8B1B02F219BFBE20046992E /* Debug */,
				F8B1B030219BFBE20046992E /* Release */,
			);
			defaultConfigurationIsVisible = 0;
			defaultConfigurationName = Release;
		};
		F8B1B031219BFBE20046992E /* Build configuration list for PBXNativeTarget "TwitterProfileSample" */ = {
			isa = XCConfigurationList;
			buildConfigurations = (
				F8B1B032219BFBE20046992E /* Debug */,
				F8B1B033219BFBE20046992E /* Release */,
			);
			defaultConfigurationIsVisible = 0;
			defaultConfigurationName = Release;
		};
		F8B1B034219BFBE20046992E /* Build configuration list for PBXNativeTarget "TwitterProfileSampleTests" */ = {
			isa = XCConfigurationList;
			buildConfigurations = (
				F8B1B035219BFBE20046992E /* Debug */,
				F8B1B036219BFBE20046992E /* Release */,
			);
			defaultConfigurationIsVisible = 0;
			defaultConfigurationName = Release;
		};
		F8B1B037219BFBE20046992E /* Build configuration list for PBXNativeTarget "TwitterProfileSampleUITests" */ = {
			isa = XCConfigurationList;
			buildConfigurations = (
				F8B1B038219BFBE20046992E /* Debug */,
				F8B1B039219BFBE20046992E /* Release */,
			);
			defaultConfigurationIsVisible = 0;
			defaultConfigurationName = Release;
		};
/* End XCConfigurationList section */
	};
	rootObject = F8B1B001219BFBDE0046992E /* Project object */;
}
